
Microsoft Visual Studio Solution File, Format Version 12.00
# Visual Studio 2012
Project("{F184B08F-C81C-45F6-A57F-5ABD9991F28F}") = "ListaParametros", "ListaParametros\ListaParametros.vbproj", "{05090BDB-7DA7-4DD9-81BB-A3787961F6E1}"
EndProject
Global
	GlobalSection(SolutionConfigurationPlatforms) = preSolution
		Debug|Any CPU = Debug|Any CPU
		Release|Any CPU = Release|Any CPU
	EndGlobalSection
	GlobalSection(ProjectConfigurationPlatforms) = postSolution
		{05090BDB-7DA7-4DD9-81BB-A3787961F6E1}.Debug|Any CPU.ActiveCfg = Debug|Any CPU
		{05090BDB-7DA7-4DD9-81BB-A3787961F6E1}.Debug|Any CPU.Build.0 = Debug|Any CPU
		{05090BDB-7DA7-4DD9-81BB-A3787961F6E1}.Release|Any CPU.ActiveCfg = Release|Any CPU
		{05090BDB-7DA7-4DD9-81BB-A3787961F6E1}.Release|Any CPU.Build.0 = Release|Any CPU
	EndGlobalSection
	GlobalSection(SolutionProperties) = preSolution
		HideSolutionNode = FALSE
	EndGlobalSection
EndGlobal
