
Microsoft Visual Studio Solution File, Format Version 12.00
# Visual Studio 2012
Project("{F184B08F-C81C-45F6-A57F-5ABD9991F28F}") = "Caminos", "Caminos\Caminos.vbproj", "{9E3E0A5B-5477-4A3A-9D26-4F4680A9AAFC}"
EndProject
Global
	GlobalSection(SolutionConfigurationPlatforms) = preSolution
		Debug|Any CPU = Debug|Any CPU
		Release|Any CPU = Release|Any CPU
	EndGlobalSection
	GlobalSection(ProjectConfigurationPlatforms) = postSolution
		{9E3E0A5B-5477-4A3A-9D26-4F4680A9AAFC}.Debug|Any CPU.ActiveCfg = Debug|Any CPU
		{9E3E0A5B-5477-4A3A-9D26-4F4680A9AAFC}.Debug|Any CPU.Build.0 = Debug|Any CPU
		{9E3E0A5B-5477-4A3A-9D26-4F4680A9AAFC}.Release|Any CPU.ActiveCfg = Release|Any CPU
		{9E3E0A5B-5477-4A3A-9D26-4F4680A9AAFC}.Release|Any CPU.Build.0 = Release|Any CPU
	EndGlobalSection
	GlobalSection(SolutionProperties) = preSolution
		HideSolutionNode = FALSE
	EndGlobalSection
EndGlobal
